
Microsoft Visual Studio Solution File, Format Version 12.00
# Visual Studio 15
VisualStudioVersion = 15.0.27703.2026
MinimumVisualStudioVersion = 10.0.40219.1
Project("{E24C65DC-7377-472B-9ABA-BC803B73C61A}") = "ElectionAid", "ElectionAid\", "{164EC077-F2C9-4789-91D0-1FA737AC5E5A}"
	ProjectSection(WebsiteProperties) = preProject
		TargetFrameworkMoniker = ".NETFramework,Version%3Dv4.6.1"
		Debug.AspNetCompiler.VirtualPath = "/localhost_3566"
		Debug.AspNetCompiler.PhysicalPath = "ElectionAid\"
		Debug.AspNetCompiler.TargetPath = "PrecompiledWeb\localhost_3566\"
		Debug.AspNetCompiler.Updateable = "true"
		Debug.AspNetCompiler.ForceOverwrite = "true"
		Debug.AspNetCompiler.FixedNames = "false"
		Debug.AspNetCompiler.Debug = "True"
		Release.AspNetCompiler.VirtualPath = "/localhost_3566"
		Release.AspNetCompiler.PhysicalPath = "ElectionAid\"
		Release.AspNetCompiler.TargetPath = "PrecompiledWeb\localhost_3566\"
		Release.AspNetCompiler.Updateable = "true"
		Release.AspNetCompiler.ForceOverwrite = "true"
		Release.AspNetCompiler.FixedNames = "false"
		Release.AspNetCompiler.Debug = "False"
		VWDPort = "3566"
		SlnRelativePath = "ElectionAid\"
		DefaultWebSiteLanguage = "Visual C#"
	EndProjectSection
EndProject
Project("{FAE04EC0-301F-11D3-BF4B-00C04F79EFBC}") = "ElectionAidServer", "ElectionAidServer\ElectionAidServer.csproj", "{12F08F44-0918-46F6-88BB-7B0688481847}"
EndProject
Global
	GlobalSection(SolutionConfigurationPlatforms) = preSolution
		Debug|Any CPU = Debug|Any CPU
		Release|Any CPU = Release|Any CPU
	EndGlobalSection
	GlobalSection(ProjectConfigurationPlatforms) = postSolution
		{164EC077-F2C9-4789-91D0-1FA737AC5E5A}.Debug|Any CPU.ActiveCfg = Debug|Any CPU
		{164EC077-F2C9-4789-91D0-1FA737AC5E5A}.Debug|Any CPU.Build.0 = Debug|Any CPU
		{164EC077-F2C9-4789-91D0-1FA737AC5E5A}.Release|Any CPU.ActiveCfg = Debug|Any CPU
		{164EC077-F2C9-4789-91D0-1FA737AC5E5A}.Release|Any CPU.Build.0 = Debug|Any CPU
		{12F08F44-0918-46F6-88BB-7B0688481847}.Debug|Any CPU.ActiveCfg = Debug|Any CPU
		{12F08F44-0918-46F6-88BB-7B0688481847}.Debug|Any CPU.Build.0 = Debug|Any CPU
		{12F08F44-0918-46F6-88BB-7B0688481847}.Release|Any CPU.ActiveCfg = Release|Any CPU
		{12F08F44-0918-46F6-88BB-7B0688481847}.Release|Any CPU.Build.0 = Release|Any CPU
	EndGlobalSection
	GlobalSection(SolutionProperties) = preSolution
		HideSolutionNode = FALSE
	EndGlobalSection
	GlobalSection(ExtensibilityGlobals) = postSolution
		SolutionGuid = {875062DE-4DEE-46B7-BA18-4922E40345B4}
	EndGlobalSection
EndGlobal
